# THIS IS AN AUTOGENERATED FILE. DO NOT EDIT THIS FILE DIRECTLY.
# yarn lockfile v1


"@nestjs/schedule@^2.2.2":
  version "2.2.2"
  resolved "https://registry.yarnpkg.com/@nestjs/schedule/-/schedule-2.2.2.tgz#45eab2485172317cd80eafda55842aeda37b6713"
  integrity sha512-e9z1bbFwi4QsPkR2ix72OABhBlfRQcl4ZjF8LShlefOskR4ySN4rUzJilH+1rk8vORYDyGDurVdeduPyyfSQRg==
  dependencies:
    cron "2.3.0"
    uuid "9.0.0"

"@types/cron@^2.0.1":
  version "2.0.1"
  resolved "https://registry.yarnpkg.com/@types/cron/-/cron-2.0.1.tgz#d8bf7a24475f64197c7ac868c362b41be596e5f8"
  integrity sha512-WHa/1rtNtD2Q/H0+YTTZoty+/5rcE66iAFX2IY+JuUoOACsevYyFkSYu/2vdw+G5LrmO7Lxowrqm0av4k3qWNQ==
  dependencies:
    "@types/luxon" "*"
    "@types/node" "*"

"@types/luxon@*":
  version "3.3.0"
  resolved "https://registry.yarnpkg.com/@types/luxon/-/luxon-3.3.0.tgz#a61043a62c0a72696c73a0a305c544c96501e006"
  integrity sha512-uKRI5QORDnrGFYgcdAVnHvEIvEZ8noTpP/Bg+HeUzZghwinDlIS87DEenV5r1YoOF9G4x600YsUXLWZ19rmTmg==

"@types/node@*":
  version "20.2.5"
  resolved "https://registry.yarnpkg.com/@types/node/-/node-20.2.5.tgz#26d295f3570323b2837d322180dfbf1ba156fefb"
  integrity sha512-JJulVEQXmiY9Px5axXHeYGLSjhkZEnD+MDPDGbCbIAbMslkKwmygtZFy1X6s/075Yo94sf8GuSlFfPzysQrWZQ==

cron@2.3.0:
  version "2.3.0"
  resolved "https://registry.yarnpkg.com/cron/-/cron-2.3.0.tgz#20df6da18d4f7d2f8937def2eb5fc0d1a320c526"
  integrity sha512-ZN5HP8zDY41sJolMsbc+GksRATcbvkPKF5wR/qc8FrV4NBVi9ORQa1HmYa5GydaysUB80X9XpRlRkooa5uEtTA==
  dependencies:
    luxon "^3.2.1"

luxon@^3.2.1:
  version "3.3.0"
  resolved "https://registry.yarnpkg.com/luxon/-/luxon-3.3.0.tgz#d73ab5b5d2b49a461c47cedbc7e73309b4805b48"
  integrity sha512-An0UCfG/rSiqtAIiBPO0Y9/zAnHUZxAMiCpTd5h2smgsj7GGmcenvrvww2cqNA8/4A5ZrD1gJpHN2mIHZQF+Mg==

uuid@9.0.0:
  version "9.0.0"
  resolved "https://registry.yarnpkg.com/uuid/-/uuid-9.0.0.tgz#592f550650024a38ceb0c562f2f6aa435761efb5"
  integrity sha512-MXcSTerfPa4uqyzStbRoTgt5XIe3x5+42+q1sDuy3R5MDk66URdLMOZe5aPX/SQd+kuYAh0FdP/pO28IkQyTeg==
